
Microsoft Visual Studio Solution File, Format Version 12.00
# Visual Studio Version 16
VisualStudioVersion = 16.0.30406.217
MinimumVisualStudioVersion = 10.0.40219.1
Project("{9A19103F-16F7-4668-BE54-9A1E7A4F7556}") = "ESCS.MODEL", "ESCS.MODEL\ESCS.MODEL.csproj", "{8BED74EB-2852-446D-9A62-EDCD387198D5}"
EndProject
Project("{9A19103F-16F7-4668-BE54-9A1E7A4F7556}") = "ESCS.COMMON", "ESCS.COMMON\ESCS.COMMON.csproj", "{E6BE5BDB-C9EB-45AC-8737-D27418D038B1}"
EndProject
Project("{9A19103F-16F7-4668-BE54-9A1E7A4F7556}") = "ESCS.DAL", "ESCS.DAL\ESCS.DAL.csproj", "{67048A12-2641-4942-9ED1-19BE78AD3250}"
EndProject
Project("{9A19103F-16F7-4668-BE54-9A1E7A4F7556}") = "ESCS.BUS", "ESCS.BUS\ESCS.BUS.csproj", "{5FFD8D17-6DFF-4DFE-9DEE-E428916CA2C5}"
EndProject
Project("{9A19103F-16F7-4668-BE54-9A1E7A4F7556}") = "ESCS.API", "ESCS.API\ESCS.API.csproj", "{8E1596EF-BF05-4F39-9D8B-E2EEB077813F}"
EndProject
Project("{9A19103F-16F7-4668-BE54-9A1E7A4F7556}") = "ESCS.OPENID", "ESCS.OPENID\ESCS.OPENID.csproj", "{4F178460-EFFA-420F-8D75-615A9CD65E85}"
EndProject
Project("{FAE04EC0-301F-11D3-BF4B-00C04F79EFBC}") = "ESCS_SERVICE", "ESCS_SERVICE\ESCS_SERVICE.csproj", "{98909CA2-1530-4E9E-8394-9CFB429D4336}"
EndProject
Global
	GlobalSection(SolutionConfigurationPlatforms) = preSolution
		Debug|Any CPU = Debug|Any CPU
		Release|Any CPU = Release|Any CPU
	EndGlobalSection
	GlobalSection(ProjectConfigurationPlatforms) = postSolution
		{8BED74EB-2852-446D-9A62-EDCD387198D5}.Debug|Any CPU.ActiveCfg = Debug|Any CPU
		{8BED74EB-2852-446D-9A62-EDCD387198D5}.Debug|Any CPU.Build.0 = Debug|Any CPU
		{8BED74EB-2852-446D-9A62-EDCD387198D5}.Release|Any CPU.ActiveCfg = Release|Any CPU
		{8BED74EB-2852-446D-9A62-EDCD387198D5}.Release|Any CPU.Build.0 = Release|Any CPU
		{E6BE5BDB-C9EB-45AC-8737-D27418D038B1}.Debug|Any CPU.ActiveCfg = Debug|Any CPU
		{E6BE5BDB-C9EB-45AC-8737-D27418D038B1}.Debug|Any CPU.Build.0 = Debug|Any CPU
		{E6BE5BDB-C9EB-45AC-8737-D27418D038B1}.Release|Any CPU.ActiveCfg = Release|Any CPU
		{E6BE5BDB-C9EB-45AC-8737-D27418D038B1}.Release|Any CPU.Build.0 = Release|Any CPU
		{67048A12-2641-4942-9ED1-19BE78AD3250}.Debug|Any CPU.ActiveCfg = Debug|Any CPU
		{67048A12-2641-4942-9ED1-19BE78AD3250}.Debug|Any CPU.Build.0 = Debug|Any CPU
		{67048A12-2641-4942-9ED1-19BE78AD3250}.Release|Any CPU.ActiveCfg = Release|Any CPU
		{67048A12-2641-4942-9ED1-19BE78AD3250}.Release|Any CPU.Build.0 = Release|Any CPU
		{5FFD8D17-6DFF-4DFE-9DEE-E428916CA2C5}.Debug|Any CPU.ActiveCfg = Debug|Any CPU
		{5FFD8D17-6DFF-4DFE-9DEE-E428916CA2C5}.Debug|Any CPU.Build.0 = Debug|Any CPU
		{5FFD8D17-6DFF-4DFE-9DEE-E428916CA2C5}.Release|Any CPU.ActiveCfg = Release|Any CPU
		{5FFD8D17-6DFF-4DFE-9DEE-E428916CA2C5}.Release|Any CPU.Build.0 = Release|Any CPU
		{8E1596EF-BF05-4F39-9D8B-E2EEB077813F}.Debug|Any CPU.ActiveCfg = Debug|Any CPU
		{8E1596EF-BF05-4F39-9D8B-E2EEB077813F}.Debug|Any CPU.Build.0 = Debug|Any CPU
		{8E1596EF-BF05-4F39-9D8B-E2EEB077813F}.Release|Any CPU.ActiveCfg = Release|Any CPU
		{8E1596EF-BF05-4F39-9D8B-E2EEB077813F}.Release|Any CPU.Build.0 = Release|Any CPU
		{4F178460-EFFA-420F-8D75-615A9CD65E85}.Debug|Any CPU.ActiveCfg = Debug|Any CPU
		{4F178460-EFFA-420F-8D75-615A9CD65E85}.Debug|Any CPU.Build.0 = Debug|Any CPU
		{4F178460-EFFA-420F-8D75-615A9CD65E85}.Release|Any CPU.ActiveCfg = Release|Any CPU
		{4F178460-EFFA-420F-8D75-615A9CD65E85}.Release|Any CPU.Build.0 = Release|Any CPU
		{98909CA2-1530-4E9E-8394-9CFB429D4336}.Debug|Any CPU.ActiveCfg = Debug|Any CPU
		{98909CA2-1530-4E9E-8394-9CFB429D4336}.Debug|Any CPU.Build.0 = Debug|Any CPU
		{98909CA2-1530-4E9E-8394-9CFB429D4336}.Release|Any CPU.ActiveCfg = Release|Any CPU
		{98909CA2-1530-4E9E-8394-9CFB429D4336}.Release|Any CPU.Build.0 = Release|Any CPU
	EndGlobalSection
	GlobalSection(SolutionProperties) = preSolution
		HideSolutionNode = FALSE
	EndGlobalSection
	GlobalSection(ExtensibilityGlobals) = postSolution
		SolutionGuid = {27097457-E6A2-43EB-9FF5-929B2439FDDA}
	EndGlobalSection
EndGlobal
